
Microsoft Visual Studio Solution File, Format Version 12.00
# Visual Studio Version 17
VisualStudioVersion = 17.14.36414.22
MinimumVisualStudioVersion = 10.0.40219.1
Project("{FAE04EC0-301F-11D3-BF4B-00C04F79EFBC}") = "St10439541_PROG7311_P2", "St10439541_PROG7311_P2\St10439541_PROG7311_P2.csproj", "{F19C5D29-3712-4250-ACD9-BF37D30A2081}"
EndProject
Project("{FAE04EC0-301F-11D3-BF4B-00C04F79EFBC}") = "TestProject1", "TestProject1\TestProject1.csproj", "{C322874C-6A25-4B2C-BFA5-B69AA949C223}"
EndProject
Global
	GlobalSection(SolutionConfigurationPlatforms) = preSolution
		Debug|Any CPU = Debug|Any CPU
		Release|Any CPU = Release|Any CPU
	EndGlobalSection
	GlobalSection(ProjectConfigurationPlatforms) = postSolution
		{F19C5D29-3712-4250-ACD9-BF37D30A2081}.Debug|Any CPU.ActiveCfg = Debug|Any CPU
		{F19C5D29-3712-4250-ACD9-BF37D30A2081}.Debug|Any CPU.Build.0 = Debug|Any CPU
		{F19C5D29-3712-4250-ACD9-BF37D30A2081}.Release|Any CPU.ActiveCfg = Release|Any CPU
		{F19C5D29-3712-4250-ACD9-BF37D30A2081}.Release|Any CPU.Build.0 = Release|Any CPU
		{C322874C-6A25-4B2C-BFA5-B69AA949C223}.Debug|Any CPU.ActiveCfg = Debug|Any CPU
		{C322874C-6A25-4B2C-BFA5-B69AA949C223}.Debug|Any CPU.Build.0 = Debug|Any CPU
		{C322874C-6A25-4B2C-BFA5-B69AA949C223}.Release|Any CPU.ActiveCfg = Release|Any CPU
		{C322874C-6A25-4B2C-BFA5-B69AA949C223}.Release|Any CPU.Build.0 = Release|Any CPU
	EndGlobalSection
	GlobalSection(SolutionProperties) = preSolution
		HideSolutionNode = FALSE
	EndGlobalSection
	GlobalSection(ExtensibilityGlobals) = postSolution
		SolutionGuid = {933B49E9-357C-4A3A-B43D-82C76A630E9E}
	EndGlobalSection
EndGlobal
